// !$*UTF8*$!
{
	archiveVersion = 1;
	classes = {
	};
	objectVersion = 77;
	objects = {

/* Begin PBXBuildFile section */
		12D94F482E82659B00ABE2BA /* Assets.xcassets in Resources */ = {isa = PBXBuildFile; fileRef = 12D94F3F2E82659B00ABE2BA /* Assets.xcassets */; };
		12D94F4A2E82659B00ABE2BA /* LaunchScreen.storyboard in Resources */ = {isa = PBXBuildFile; fileRef = 12D94F422E82659B00ABE2BA /* LaunchScreen.storyboard */; };
		12D94F4B2E82659B00ABE2BA /* Main.storyboard in Resources */ = {isa = PBXBuildFile; fileRef = 12D94F442E82659B00ABE2BA /* Main.storyboard */; };
		12D94F4C2E82659B00ABE2BA /* AppDelegate.swift in Sources */ = {isa = PBXBuildFile; fileRef = 12D94F3E2E82659B00ABE2BA /* AppDelegate.swift */; };
		12D94F552E82670E00ABE2BA /* BaseVC.swift in Sources */ = {isa = PBXBuildFile; fileRef = 12D94F542E82670E00ABE2BA /* BaseVC.swift */; };
		12D94F572E82673B00ABE2BA /* FloatingLabelTextFieldExtensions.swift in Sources */ = {isa = PBXBuildFile; fileRef = 12D94F562E82673B00ABE2BA /* FloatingLabelTextFieldExtensions.swift */; };
		12D94F5E2E826DB700ABE2BA /* Common.swift in Sources */ = {isa = PBXBuildFile; fileRef = 12D94F5D2E826DB700ABE2BA /* Common.swift */; };
		12D94F612E826DD000ABE2BA /* Constants.swift in Sources */ = {isa = PBXBuildFile; fileRef = 12D94F602E826DD000ABE2BA /* Constants.swift */; };
		12D94F672E82716D00ABE2BA /* HomeVC.swift in Sources */ = {isa = PBXBuildFile; fileRef = 12D94F662E82716D00ABE2BA /* HomeVC.swift */; };
		12D94F6B2E82745000ABE2BA /* FloatingLabelTextField.swift in Sources */ = {isa = PBXBuildFile; fileRef = 12D94F6A2E82745000ABE2BA /* FloatingLabelTextField.swift */; };
		12D94F6F2E82A42D00ABE2BA /* HomeInputCell.xib in Resources */ = {isa = PBXBuildFile; fileRef = 12D94F6E2E82A42D00ABE2BA /* HomeInputCell.xib */; };
		12D94F702E82A42D00ABE2BA /* HomeInputCell.swift in Sources */ = {isa = PBXBuildFile; fileRef = 12D94F6D2E82A42D00ABE2BA /* HomeInputCell.swift */; };
/* End PBXBuildFile section */

/* Begin PBXFileReference section */
		12D94F262E82655400ABE2BA /* FloatingLabelTextField.app */ = {isa = PBXFileReference; explicitFileType = wrapper.application; includeInIndex = 0; path = FloatingLabelTextField.app; sourceTree = BUILT_PRODUCTS_DIR; };
		12D94F3E2E82659B00ABE2BA /* AppDelegate.swift */ = {isa = PBXFileReference; lastKnownFileType = sourcecode.swift; path = AppDelegate.swift; sourceTree = "<group>"; };
		12D94F3F2E82659B00ABE2BA /* Assets.xcassets */ = {isa = PBXFileReference; lastKnownFileType = folder.assetcatalog; path = Assets.xcassets; sourceTree = "<group>"; };
		12D94F402E82659B00ABE2BA /* Info.plist */ = {isa = PBXFileReference; lastKnownFileType = text.plist.xml; path = Info.plist; sourceTree = "<group>"; };
		12D94F412E82659B00ABE2BA /* Base */ = {isa = PBXFileReference; lastKnownFileType = file.storyboard; name = Base; path = Base.lproj/LaunchScreen.storyboard; sourceTree = "<group>"; };
		12D94F432E82659B00ABE2BA /* Base */ = {isa = PBXFileReference; lastKnownFileType = file.storyboard; name = Base; path = Base.lproj/Main.storyboard; sourceTree = "<group>"; };
		12D94F542E82670E00ABE2BA /* BaseVC.swift */ = {isa = PBXFileReference; lastKnownFileType = sourcecode.swift; path = BaseVC.swift; sourceTree = "<group>"; };
		12D94F562E82673B00ABE2BA /* FloatingLabelTextFieldExtensions.swift */ = {isa = PBXFileReference; lastKnownFileType = sourcecode.swift; path = FloatingLabelTextFieldExtensions.swift; sourceTree = "<group>"; };
		12D94F5D2E826DB700ABE2BA /* Common.swift */ = {isa = PBXFileReference; lastKnownFileType = sourcecode.swift; path = Common.swift; sourceTree = "<group>"; };
		12D94F602E826DD000ABE2BA /* Constants.swift */ = {isa = PBXFileReference; lastKnownFileType = sourcecode.swift; path = Constants.swift; sourceTree = "<group>"; };
		12D94F662E82716D00ABE2BA /* HomeVC.swift */ = {isa = PBXFileReference; lastKnownFileType = sourcecode.swift; path = HomeVC.swift; sourceTree = "<group>"; };
		12D94F6A2E82745000ABE2BA /* FloatingLabelTextField.swift */ = {isa = PBXFileReference; lastKnownFileType = sourcecode.swift; path = FloatingLabelTextField.swift; sourceTree = "<group>"; };
		12D94F6D2E82A42D00ABE2BA /* HomeInputCell.swift */ = {isa = PBXFileReference; lastKnownFileType = sourcecode.swift; path = HomeInputCell.swift; sourceTree = "<group>"; };
		12D94F6E2E82A42D00ABE2BA /* HomeInputCell.xib */ = {isa = PBXFileReference; lastKnownFileType = file.xib; path = HomeInputCell.xib; sourceTree = "<group>"; };
/* End PBXFileReference section */

/* Begin PBXFrameworksBuildPhase section */
		12D94F232E82655400ABE2BA /* Frameworks */ = {
			isa = PBXFrameworksBuildPhase;
			buildActionMask = 2147483647;
			files = (
			);
			runOnlyForDeploymentPostprocessing = 0;
		};
/* End PBXFrameworksBuildPhase section */

/* Begin PBXGroup section */
		12D94F1D2E82655400ABE2BA = {
			isa = PBXGroup;
			children = (
				12D94F472E82659B00ABE2BA /* FloatingLabelTextField */,
				12D94F272E82655400ABE2BA /* Products */,
			);
			sourceTree = "<group>";
		};
		12D94F272E82655400ABE2BA /* Products */ = {
			isa = PBXGroup;
			children = (
				12D94F262E82655400ABE2BA /* FloatingLabelTextField.app */,
			);
			name = Products;
			sourceTree = "<group>";
		};
		12D94F472E82659B00ABE2BA /* FloatingLabelTextField */ = {
			isa = PBXGroup;
			children = (
				12D94F4F2E82668900ABE2BA /* Classes */,
				12D94F622E826DE900ABE2BA /* Storyboards */,
				12D94F642E82708200ABE2BA /* Utilities */,
			);
			path = FloatingLabelTextField;
			sourceTree = "<group>";
		};
		12D94F4F2E82668900ABE2BA /* Classes */ = {
			isa = PBXGroup;
			children = (
				12D94F3E2E82659B00ABE2BA /* AppDelegate.swift */,
				12D94F542E82670E00ABE2BA /* BaseVC.swift */,
				12D94F562E82673B00ABE2BA /* FloatingLabelTextFieldExtensions.swift */,
				12D94F652E82715B00ABE2BA /* Home */,
				12D94F5B2E826D9E00ABE2BA /* Supporting Files */,
			);
			path = Classes;
			sourceTree = "<group>";
		};
		12D94F5B2E826D9E00ABE2BA /* Supporting Files */ = {
			isa = PBXGroup;
			children = (
				12D94F5C2E826DA500ABE2BA /* Common */,
				12D94F5F2E826DC900ABE2BA /* Constants */,
				12D94F692E82744600ABE2BA /* FloatingLabelTextField */,
			);
			path = "Supporting Files";
			sourceTree = "<group>";
		};
		12D94F5C2E826DA500ABE2BA /* Common */ = {
			isa = PBXGroup;
			children = (
				12D94F5D2E826DB700ABE2BA /* Common.swift */,
			);
			path = Common;
			sourceTree = "<group>";
		};
		12D94F5F2E826DC900ABE2BA /* Constants */ = {
			isa = PBXGroup;
			children = (
				12D94F602E826DD000ABE2BA /* Constants.swift */,
			);
			path = Constants;
			sourceTree = "<group>";
		};
		12D94F622E826DE900ABE2BA /* Storyboards */ = {
			isa = PBXGroup;
			children = (
				12D94F422E82659B00ABE2BA /* LaunchScreen.storyboard */,
				12D94F442E82659B00ABE2BA /* Main.storyboard */,
			);
			path = Storyboards;
			sourceTree = "<group>";
		};
		12D94F632E82707700ABE2BA /* Assets */ = {
			isa = PBXGroup;
			children = (
				12D94F3F2E82659B00ABE2BA /* Assets.xcassets */,
			);
			path = Assets;
			sourceTree = "<group>";
		};
		12D94F642E82708200ABE2BA /* Utilities */ = {
			isa = PBXGroup;
			children = (
				12D94F632E82707700ABE2BA /* Assets */,
				12D94F402E82659B00ABE2BA /* Info.plist */,
			);
			path = Utilities;
			sourceTree = "<group>";
		};
		12D94F652E82715B00ABE2BA /* Home */ = {
			isa = PBXGroup;
			children = (
				12D94F6C2E82A41400ABE2BA /* Cell */,
				12D94F682E8271A700ABE2BA /* Controller */,
			);
			path = Home;
			sourceTree = "<group>";
		};
		12D94F682E8271A700ABE2BA /* Controller */ = {
			isa = PBXGroup;
			children = (
				12D94F662E82716D00ABE2BA /* HomeVC.swift */,
			);
			path = Controller;
			sourceTree = "<group>";
		};
		12D94F692E82744600ABE2BA /* FloatingLabelTextField */ = {
			isa = PBXGroup;
			children = (
				12D94F6A2E82745000ABE2BA /* FloatingLabelTextField.swift */,
			);
			path = FloatingLabelTextField;
			sourceTree = "<group>";
		};
		12D94F6C2E82A41400ABE2BA /* Cell */ = {
			isa = PBXGroup;
			children = (
				12D94F6D2E82A42D00ABE2BA /* HomeInputCell.swift */,
				12D94F6E2E82A42D00ABE2BA /* HomeInputCell.xib */,
			);
			path = Cell;
			sourceTree = "<group>";
		};
/* End PBXGroup section */

/* Begin PBXNativeTarget section */
		12D94F252E82655400ABE2BA /* FloatingLabelTextField */ = {
			isa = PBXNativeTarget;
			buildConfigurationList = 12D94F392E82655600ABE2BA /* Build configuration list for PBXNativeTarget "FloatingLabelTextField" */;
			buildPhases = (
				12D94F222E82655400ABE2BA /* Sources */,
				12D94F232E82655400ABE2BA /* Frameworks */,
				12D94F242E82655400ABE2BA /* Resources */,
			);
			buildRules = (
			);
			dependencies = (
			);
			name = FloatingLabelTextField;
			packageProductDependencies = (
			);
			productName = FloatingLabelTextField;
			productReference = 12D94F262E82655400ABE2BA /* FloatingLabelTextField.app */;
			productType = "com.apple.product-type.application";
		};
/* End PBXNativeTarget section */

/* Begin PBXProject section */
		12D94F1E2E82655400ABE2BA /* Project object */ = {
			isa = PBXProject;
			attributes = {
				BuildIndependentTargetsInParallel = 1;
				LastSwiftUpdateCheck = 1640;
				LastUpgradeCheck = 1640;
				TargetAttributes = {
					12D94F252E82655400ABE2BA = {
						CreatedOnToolsVersion = 16.4;
					};
				};
			};
			buildConfigurationList = 12D94F212E82655400ABE2BA /* Build configuration list for PBXProject "FloatingLabelTextField" */;
			developmentRegion = en;
			hasScannedForEncodings = 0;
			knownRegions = (
				en,
				Base,
			);
			mainGroup = 12D94F1D2E82655400ABE2BA;
			minimizedProjectReferenceProxies = 1;
			preferredProjectObjectVersion = 77;
			productRefGroup = 12D94F272E82655400ABE2BA /* Products */;
			projectDirPath = "";
			projectRoot = "";
			targets = (
				12D94F252E82655400ABE2BA /* FloatingLabelTextField */,
			);
		};
/* End PBXProject section */

/* Begin PBXResourcesBuildPhase section */
		12D94F242E82655400ABE2BA /* Resources */ = {
			isa = PBXResourcesBuildPhase;
			buildActionMask = 2147483647;
			files = (
				12D94F482E82659B00ABE2BA /* Assets.xcassets in Resources */,
				12D94F4A2E82659B00ABE2BA /* LaunchScreen.storyboard in Resources */,
				12D94F4B2E82659B00ABE2BA /* Main.storyboard in Resources */,
				12D94F6F2E82A42D00ABE2BA /* HomeInputCell.xib in Resources */,
			);
			runOnlyForDeploymentPostprocessing = 0;
		};
/* End PBXResourcesBuildPhase section */

/* Begin PBXSourcesBuildPhase section */
		12D94F222E82655400ABE2BA /* Sources */ = {
			isa = PBXSourcesBuildPhase;
			buildActionMask = 2147483647;
			files = (
				12D94F612E826DD000ABE2BA /* Constants.swift in Sources */,
				12D94F5E2E826DB700ABE2BA /* Common.swift in Sources */,
				12D94F572E82673B00ABE2BA /* FloatingLabelTextFieldExtensions.swift in Sources */,
				12D94F672E82716D00ABE2BA /* HomeVC.swift in Sources */,
				12D94F4C2E82659B00ABE2BA /* AppDelegate.swift in Sources */,
				12D94F552E82670E00ABE2BA /* BaseVC.swift in Sources */,
				12D94F6B2E82745000ABE2BA /* FloatingLabelTextField.swift in Sources */,
				12D94F702E82A42D00ABE2BA /* HomeInputCell.swift in Sources */,
			);
			runOnlyForDeploymentPostprocessing = 0;
		};
/* End PBXSourcesBuildPhase section */

/* Begin PBXVariantGroup section */
		12D94F422E82659B00ABE2BA /* LaunchScreen.storyboard */ = {
			isa = PBXVariantGroup;
			children = (
				12D94F412E82659B00ABE2BA /* Base */,
			);
			name = LaunchScreen.storyboard;
			sourceTree = "<group>";
		};
		12D94F442E82659B00ABE2BA /* Main.storyboard */ = {
			isa = PBXVariantGroup;
			children = (
				12D94F432E82659B00ABE2BA /* Base */,
			);
			name = Main.storyboard;
			sourceTree = "<group>";
		};
/* End PBXVariantGroup section */

/* Begin XCBuildConfiguration section */
		12D94F3A2E82655600ABE2BA /* Debug */ = {
			isa = XCBuildConfiguration;
			buildSettings = {
				ASSETCATALOG_COMPILER_APPICON_NAME = AppIcon;
				ASSETCATALOG_COMPILER_GLOBAL_ACCENT_COLOR_NAME = AccentColor;
				CODE_SIGN_STYLE = Manual;
				CURRENT_PROJECT_VERSION = 1;
				DEVELOPMENT_TEAM = "";
				"EXCLUDED_ARCHS[sdk=iphonesimulator*]" = arm64;
				GENERATE_INFOPLIST_FILE = YES;
				INFOPLIST_FILE = "$(SRCROOT)/$(PROJECT_NAME)/Utilities/Info.plist";
				INFOPLIST_KEY_UIApplicationSupportsIndirectInputEvents = YES;
				INFOPLIST_KEY_UILaunchStoryboardName = LaunchScreen;
				INFOPLIST_KEY_UIMainStoryboardFile = Main;
				INFOPLIST_KEY_UISupportedInterfaceOrientations = UIInterfaceOrientationPortrait;
				INFOPLIST_KEY_UISupportedInterfaceOrientations_iPad = "UIInterfaceOrientationLandscapeLeft UIInterfaceOrientationLandscapeRight UIInterfaceOrientationPortrait UIInterfaceOrientationPortraitUpsideDown";
				IPHONEOS_DEPLOYMENT_TARGET = 13;
				LD_RUNPATH_SEARCH_PATHS = (
					"$(inherited)",
					"@executable_path/Frameworks",
				);
				MARKETING_VERSION = 1.0;
				PRODUCT_BUNDLE_IDENTIFIER = com.FloatingLabelTextField;
				PRODUCT_NAME = "$(TARGET_NAME)";
				PROVISIONING_PROFILE_SPECIFIER = "";
				SUPPORTED_PLATFORMS = "iphoneos iphonesimulator";
				SUPPORTS_MACCATALYST = NO;
				SUPPORTS_MAC_DESIGNED_FOR_IPHONE_IPAD = NO;
				SUPPORTS_XR_DESIGNED_FOR_IPHONE_IPAD = NO;
				SWIFT_EMIT_LOC_STRINGS = YES;
				SWIFT_VERSION = 5.0;
				TARGETED_DEVICE_FAMILY = 1;
			};
			name = Debug;
		};
		12D94F3B2E82655600ABE2BA /* Release */ = {
			isa = XCBuildConfiguration;
			buildSettings = {
				ASSETCATALOG_COMPILER_APPICON_NAME = AppIcon;
				ASSETCATALOG_COMPILER_GLOBAL_ACCENT_COLOR_NAME = AccentColor;
				CODE_SIGN_STYLE = Manual;
				CURRENT_PROJECT_VERSION = 1;
				DEVELOPMENT_TEAM = "";
				"EXCLUDED_ARCHS[sdk=iphonesimulator*]" = arm64;
				GENERATE_INFOPLIST_FILE = YES;
				INFOPLIST_FILE = "$(SRCROOT)/$(PROJECT_NAME)/Utilities/Info.plist";
				INFOPLIST_KEY_UIApplicationSupportsIndirectInputEvents = YES;
				INFOPLIST_KEY_UILaunchStoryboardName = LaunchScreen;
				INFOPLIST_KEY_UIMainStoryboardFile = Main;
				INFOPLIST_KEY_UISupportedInterfaceOrientations = UIInterfaceOrientationPortrait;
				INFOPLIST_KEY_UISupportedInterfaceOrientations_iPad = "UIInterfaceOrientationLandscapeLeft UIInterfaceOrientationLandscapeRight UIInterfaceOrientationPortrait UIInterfaceOrientationPortraitUpsideDown";
				IPHONEOS_DEPLOYMENT_TARGET = 13;
				LD_RUNPATH_SEARCH_PATHS = (
					"$(inherited)",
					"@executable_path/Frameworks",
				);
				MARKETING_VERSION = 1.0;
				PRODUCT_BUNDLE_IDENTIFIER = com.FloatingLabelTextField;
				PRODUCT_NAME = "$(TARGET_NAME)";
				PROVISIONING_PROFILE_SPECIFIER = "";
				SUPPORTED_PLATFORMS = "iphoneos iphonesimulator";
				SUPPORTS_MACCATALYST = NO;
				SUPPORTS_MAC_DESIGNED_FOR_IPHONE_IPAD = NO;
				SUPPORTS_XR_DESIGNED_FOR_IPHONE_IPAD = NO;
				SWIFT_EMIT_LOC_STRINGS = YES;
				SWIFT_VERSION = 5.0;
				TARGETED_DEVICE_FAMILY = 1;
			};
			name = Release;
		};
		12D94F3C2E82655600ABE2BA /* Debug */ = {
			isa = XCBuildConfiguration;
			buildSettings = {
				ALWAYS_SEARCH_USER_PATHS = NO;
				ASSETCATALOG_COMPILER_GENERATE_SWIFT_ASSET_SYMBOL_EXTENSIONS = YES;
				CLANG_ANALYZER_NONNULL = YES;
				CLANG_ANALYZER_NUMBER_OBJECT_CONVERSION = YES_AGGRESSIVE;
				CLANG_CXX_LANGUAGE_STANDARD = "gnu++20";
				CLANG_ENABLE_MODULES = YES;
				CLANG_ENABLE_OBJC_ARC = YES;
				CLANG_ENABLE_OBJC_WEAK = YES;
				CLANG_WARN_BLOCK_CAPTURE_AUTORELEASING = YES;
				CLANG_WARN_BOOL_CONVERSION = YES;
				CLANG_WARN_COMMA = YES;
				CLANG_WARN_CONSTANT_CONVERSION = YES;
				CLANG_WARN_DEPRECATED_OBJC_IMPLEMENTATIONS = YES;
				CLANG_WARN_DIRECT_OBJC_ISA_USAGE = YES_ERROR;
				CLANG_WARN_DOCUMENTATION_COMMENTS = YES;
				CLANG_WARN_EMPTY_BODY = YES;
				CLANG_WARN_ENUM_CONVERSION = YES;
				CLANG_WARN_INFINITE_RECURSION = YES;
				CLANG_WARN_INT_CONVERSION = YES;
				CLANG_WARN_NON_LITERAL_NULL_CONVERSION = YES;
				CLANG_WARN_OBJC_IMPLICIT_RETAIN_SELF = YES;
				CLANG_WARN_OBJC_LITERAL_CONVERSION = YES;
				CLANG_WARN_OBJC_ROOT_CLASS = YES_ERROR;
				CLANG_WARN_QUOTED_INCLUDE_IN_FRAMEWORK_HEADER = YES;
				CLANG_WARN_RANGE_LOOP_ANALYSIS = YES;
				CLANG_WARN_STRICT_PROTOTYPES = YES;
				CLANG_WARN_SUSPICIOUS_MOVE = YES;
				CLANG_WARN_UNGUARDED_AVAILABILITY = YES_AGGRESSIVE;
				CLANG_WARN_UNREACHABLE_CODE = YES;
				CLANG_WARN__DUPLICATE_METHOD_MATCH = YES;
				COPY_PHASE_STRIP = NO;
				DEBUG_INFORMATION_FORMAT = dwarf;
				ENABLE_STRICT_OBJC_MSGSEND = YES;
				ENABLE_TESTABILITY = YES;
				ENABLE_USER_SCRIPT_SANDBOXING = YES;
				GCC_C_LANGUAGE_STANDARD = gnu17;
				GCC_DYNAMIC_NO_PIC = NO;
				GCC_NO_COMMON_BLOCKS = YES;
				GCC_OPTIMIZATION_LEVEL = 0;
				GCC_PREPROCESSOR_DEFINITIONS = (
					"DEBUG=1",
					"$(inherited)",
				);
				GCC_WARN_64_TO_32_BIT_CONVERSION = YES;
				GCC_WARN_ABOUT_RETURN_TYPE = YES_ERROR;
				GCC_WARN_UNDECLARED_SELECTOR = YES;
				GCC_WARN_UNINITIALIZED_AUTOS = YES_AGGRESSIVE;
				GCC_WARN_UNUSED_FUNCTION = YES;
				GCC_WARN_UNUSED_VARIABLE = YES;
				IPHONEOS_DEPLOYMENT_TARGET = 18.5;
				LOCALIZATION_PREFERS_STRING_CATALOGS = YES;
				MTL_ENABLE_DEBUG_INFO = INCLUDE_SOURCE;
				MTL_FAST_MATH = YES;
				ONLY_ACTIVE_ARCH = YES;
				SDKROOT = iphoneos;
				SWIFT_ACTIVE_COMPILATION_CONDITIONS = "DEBUG $(inherited)";
				SWIFT_OPTIMIZATION_LEVEL = "-Onone";
			};
			name = Debug;
		};
		12D94F3D2E82655600ABE2BA /* Release */ = {
			isa = XCBuildConfiguration;
			buildSettings = {
				ALWAYS_SEARCH_USER_PATHS = NO;
				ASSETCATALOG_COMPILER_GENERATE_SWIFT_ASSET_SYMBOL_EXTENSIONS = YES;
				CLANG_ANALYZER_NONNULL = YES;
				CLANG_ANALYZER_NUMBER_OBJECT_CONVERSION = YES_AGGRESSIVE;
				CLANG_CXX_LANGUAGE_STANDARD = "gnu++20";
				CLANG_ENABLE_MODULES = YES;
				CLANG_ENABLE_OBJC_ARC = YES;
				CLANG_ENABLE_OBJC_WEAK = YES;
				CLANG_WARN_BLOCK_CAPTURE_AUTORELEASING = YES;
				CLANG_WARN_BOOL_CONVERSION = YES;
				CLANG_WARN_COMMA = YES;
				CLANG_WARN_CONSTANT_CONVERSION = YES;
				CLANG_WARN_DEPRECATED_OBJC_IMPLEMENTATIONS = YES;
				CLANG_WARN_DIRECT_OBJC_ISA_USAGE = YES_ERROR;
				CLANG_WARN_DOCUMENTATION_COMMENTS = YES;
				CLANG_WARN_EMPTY_BODY = YES;
				CLANG_WARN_ENUM_CONVERSION = YES;
				CLANG_WARN_INFINITE_RECURSION = YES;
				CLANG_WARN_INT_CONVERSION = YES;
				CLANG_WARN_NON_LITERAL_NULL_CONVERSION = YES;
				CLANG_WARN_OBJC_IMPLICIT_RETAIN_SELF = YES;
				CLANG_WARN_OBJC_LITERAL_CONVERSION = YES;
				CLANG_WARN_OBJC_ROOT_CLASS = YES_ERROR;
				CLANG_WARN_QUOTED_INCLUDE_IN_FRAMEWORK_HEADER = YES;
				CLANG_WARN_RANGE_LOOP_ANALYSIS = YES;
				CLANG_WARN_STRICT_PROTOTYPES = YES;
				CLANG_WARN_SUSPICIOUS_MOVE = YES;
				CLANG_WARN_UNGUARDED_AVAILABILITY = YES_AGGRESSIVE;
				CLANG_WARN_UNREACHABLE_CODE = YES;
				CLANG_WARN__DUPLICATE_METHOD_MATCH = YES;
				COPY_PHASE_STRIP = NO;
				DEBUG_INFORMATION_FORMAT = "dwarf-with-dsym";
				ENABLE_NS_ASSERTIONS = NO;
				ENABLE_STRICT_OBJC_MSGSEND = YES;
				ENABLE_USER_SCRIPT_SANDBOXING = YES;
				GCC_C_LANGUAGE_STANDARD = gnu17;
				GCC_NO_COMMON_BLOCKS = YES;
				GCC_WARN_64_TO_32_BIT_CONVERSION = YES;
				GCC_WARN_ABOUT_RETURN_TYPE = YES_ERROR;
				GCC_WARN_UNDECLARED_SELECTOR = YES;
				GCC_WARN_UNINITIALIZED_AUTOS = YES_AGGRESSIVE;
				GCC_WARN_UNUSED_FUNCTION = YES;
				GCC_WARN_UNUSED_VARIABLE = YES;
				IPHONEOS_DEPLOYMENT_TARGET = 18.5;
				LOCALIZATION_PREFERS_STRING_CATALOGS = YES;
				MTL_ENABLE_DEBUG_INFO = NO;
				MTL_FAST_MATH = YES;
				SDKROOT = iphoneos;
				SWIFT_COMPILATION_MODE = wholemodule;
				VALIDATE_PRODUCT = YES;
			};
			name = Release;
		};
/* End XCBuildConfiguration section */

/* Begin XCConfigurationList section */
		12D94F212E82655400ABE2BA /* Build configuration list for PBXProject "FloatingLabelTextField" */ = {
			isa = XCConfigurationList;
			buildConfigurations = (
				12D94F3C2E82655600ABE2BA /* Debug */,
				12D94F3D2E82655600ABE2BA /* Release */,
			);
			defaultConfigurationIsVisible = 0;
			defaultConfigurationName = Release;
		};
		12D94F392E82655600ABE2BA /* Build configuration list for PBXNativeTarget "FloatingLabelTextField" */ = {
			isa = XCConfigurationList;
			buildConfigurations = (
				12D94F3A2E82655600ABE2BA /* Debug */,
				12D94F3B2E82655600ABE2BA /* Release */,
			);
			defaultConfigurationIsVisible = 0;
			defaultConfigurationName = Release;
		};
/* End XCConfigurationList section */
	};
	rootObject = 12D94F1E2E82655400ABE2BA /* Project object */;
}
